
Microsoft Visual Studio Solution File, Format Version 12.00
# Visual Studio Version 16
VisualStudioVersion = 16.0.30002.166
MinimumVisualStudioVersion = 10.0.40219.1
Project("{2150E333-8FDC-42A3-9474-1A3956D46DE8}") = "Services", "Services", "{2420075E-439E-43E9-B9F7-8AB1894BE9ED}"
EndProject
Project("{9A19103F-16F7-4668-BE54-9A1E7A4F7556}") = "ProductCatalogue.Domain", "ProductCatalog.Domain\ProductCatalogue.Domain.csproj", "{3F54F2D9-E7DE-48AF-8CCE-DA4C5D81CC5C}"
EndProject
Project("{9A19103F-16F7-4668-BE54-9A1E7A4F7556}") = "ProductCatalogue.Infrastructure", "ProductCatalogue.Infra\ProductCatalogue.Infrastructure.csproj", "{6CB6076D-CD36-4639-A512-4EFF031E1B97}"
EndProject
Project("{2150E333-8FDC-42A3-9474-1A3956D46DE8}") = "ProductCatalogue", "ProductCatalogue", "{4D93889D-C265-41D5-A61A-BE4B8DEC2576}"
EndProject
Project("{2150E333-8FDC-42A3-9474-1A3956D46DE8}") = "Pricing", "Pricing", "{7216BFA0-771F-4B5F-A4D9-10F2F8897CB9}"
EndProject
Project("{9A19103F-16F7-4668-BE54-9A1E7A4F7556}") = "Pricing.API", "Pricing.API\Pricing.API.csproj", "{E748D810-7150-4A4A-8707-E8FDC200B9D5}"
EndProject
Project("{2150E333-8FDC-42A3-9474-1A3956D46DE8}") = "Basics", "Basics", "{A9CE3A22-0A82-4E53-ACE7-2EABF269705D}"
EndProject
Project("{2150E333-8FDC-42A3-9474-1A3956D46DE8}") = "EventBus", "EventBus", "{04637F9B-A92B-42DF-8740-B639D3CDAF16}"
EndProject
Project("{2150E333-8FDC-42A3-9474-1A3956D46DE8}") = "IntegrationEventLog", "IntegrationEventLog", "{D1578C38-7079-43D0-9280-082E7A5B41D4}"
EndProject
Project("{9A19103F-16F7-4668-BE54-9A1E7A4F7556}") = "ProductCatalogue.API", "ProductCatalogue.API\ProductCatalogue.API.csproj", "{23F969AC-7697-4230-B569-D8C7C28C6538}"
EndProject
Project("{9A19103F-16F7-4668-BE54-9A1E7A4F7556}") = "EventBus", "EventBuss\EventBus.csproj", "{3307C3CB-0BBB-4089-9498-1195D0CE768E}"
EndProject
Project("{9A19103F-16F7-4668-BE54-9A1E7A4F7556}") = "IntegrationEventLogService", "IntegrationEventLogService\IntegrationEventLogService.csproj", "{B04804C1-8C53-4E23-9D66-BEB722D61CF3}"
EndProject
Project("{2150E333-8FDC-42A3-9474-1A3956D46DE8}") = "UnitTests", "UnitTests", "{727B061B-3F5B-4777-9DC0-FDD9DBA90545}"
EndProject
Project("{9A19103F-16F7-4668-BE54-9A1E7A4F7556}") = "App.FunctionalTests", "App.FunctionalTests\App.FunctionalTests.csproj", "{E3247C0F-DB6A-48F3-9D15-1642C62AC711}"
EndProject
Project("{9A19103F-16F7-4668-BE54-9A1E7A4F7556}") = "Pricing.Infrastructure", "Pricing.Infrastructure\Pricing.Infrastructure.csproj", "{7E6235F0-930E-422F-82FC-9FE76E8366FE}"
EndProject
Project("{9A19103F-16F7-4668-BE54-9A1E7A4F7556}") = "Pricing.Domain", "Pricing.Domain\Pricing.Domain.csproj", "{A3C9AA05-ADCA-416E-9CE0-A48F754A07AE}"
EndProject
Global
	GlobalSection(SolutionConfigurationPlatforms) = preSolution
		Debug|Any CPU = Debug|Any CPU
		Release|Any CPU = Release|Any CPU
	EndGlobalSection
	GlobalSection(ProjectConfigurationPlatforms) = postSolution
		{3F54F2D9-E7DE-48AF-8CCE-DA4C5D81CC5C}.Debug|Any CPU.ActiveCfg = Debug|Any CPU
		{3F54F2D9-E7DE-48AF-8CCE-DA4C5D81CC5C}.Debug|Any CPU.Build.0 = Debug|Any CPU
		{3F54F2D9-E7DE-48AF-8CCE-DA4C5D81CC5C}.Release|Any CPU.ActiveCfg = Release|Any CPU
		{3F54F2D9-E7DE-48AF-8CCE-DA4C5D81CC5C}.Release|Any CPU.Build.0 = Release|Any CPU
		{6CB6076D-CD36-4639-A512-4EFF031E1B97}.Debug|Any CPU.ActiveCfg = Debug|Any CPU
		{6CB6076D-CD36-4639-A512-4EFF031E1B97}.Debug|Any CPU.Build.0 = Debug|Any CPU
		{6CB6076D-CD36-4639-A512-4EFF031E1B97}.Release|Any CPU.ActiveCfg = Release|Any CPU
		{6CB6076D-CD36-4639-A512-4EFF031E1B97}.Release|Any CPU.Build.0 = Release|Any CPU
		{E748D810-7150-4A4A-8707-E8FDC200B9D5}.Debug|Any CPU.ActiveCfg = Debug|Any CPU
		{E748D810-7150-4A4A-8707-E8FDC200B9D5}.Debug|Any CPU.Build.0 = Debug|Any CPU
		{E748D810-7150-4A4A-8707-E8FDC200B9D5}.Release|Any CPU.ActiveCfg = Release|Any CPU
		{E748D810-7150-4A4A-8707-E8FDC200B9D5}.Release|Any CPU.Build.0 = Release|Any CPU
		{23F969AC-7697-4230-B569-D8C7C28C6538}.Debug|Any CPU.ActiveCfg = Debug|Any CPU
		{23F969AC-7697-4230-B569-D8C7C28C6538}.Debug|Any CPU.Build.0 = Debug|Any CPU
		{23F969AC-7697-4230-B569-D8C7C28C6538}.Release|Any CPU.ActiveCfg = Release|Any CPU
		{23F969AC-7697-4230-B569-D8C7C28C6538}.Release|Any CPU.Build.0 = Release|Any CPU
		{3307C3CB-0BBB-4089-9498-1195D0CE768E}.Debug|Any CPU.ActiveCfg = Debug|Any CPU
		{3307C3CB-0BBB-4089-9498-1195D0CE768E}.Debug|Any CPU.Build.0 = Debug|Any CPU
		{3307C3CB-0BBB-4089-9498-1195D0CE768E}.Release|Any CPU.ActiveCfg = Release|Any CPU
		{3307C3CB-0BBB-4089-9498-1195D0CE768E}.Release|Any CPU.Build.0 = Release|Any CPU
		{B04804C1-8C53-4E23-9D66-BEB722D61CF3}.Debug|Any CPU.ActiveCfg = Debug|Any CPU
		{B04804C1-8C53-4E23-9D66-BEB722D61CF3}.Debug|Any CPU.Build.0 = Debug|Any CPU
		{B04804C1-8C53-4E23-9D66-BEB722D61CF3}.Release|Any CPU.ActiveCfg = Release|Any CPU
		{B04804C1-8C53-4E23-9D66-BEB722D61CF3}.Release|Any CPU.Build.0 = Release|Any CPU
		{E3247C0F-DB6A-48F3-9D15-1642C62AC711}.Debug|Any CPU.ActiveCfg = Debug|Any CPU
		{E3247C0F-DB6A-48F3-9D15-1642C62AC711}.Debug|Any CPU.Build.0 = Debug|Any CPU
		{E3247C0F-DB6A-48F3-9D15-1642C62AC711}.Release|Any CPU.ActiveCfg = Release|Any CPU
		{E3247C0F-DB6A-48F3-9D15-1642C62AC711}.Release|Any CPU.Build.0 = Release|Any CPU
		{7E6235F0-930E-422F-82FC-9FE76E8366FE}.Debug|Any CPU.ActiveCfg = Debug|Any CPU
		{7E6235F0-930E-422F-82FC-9FE76E8366FE}.Debug|Any CPU.Build.0 = Debug|Any CPU
		{7E6235F0-930E-422F-82FC-9FE76E8366FE}.Release|Any CPU.ActiveCfg = Release|Any CPU
		{7E6235F0-930E-422F-82FC-9FE76E8366FE}.Release|Any CPU.Build.0 = Release|Any CPU
		{A3C9AA05-ADCA-416E-9CE0-A48F754A07AE}.Debug|Any CPU.ActiveCfg = Debug|Any CPU
		{A3C9AA05-ADCA-416E-9CE0-A48F754A07AE}.Debug|Any CPU.Build.0 = Debug|Any CPU
		{A3C9AA05-ADCA-416E-9CE0-A48F754A07AE}.Release|Any CPU.ActiveCfg = Release|Any CPU
		{A3C9AA05-ADCA-416E-9CE0-A48F754A07AE}.Release|Any CPU.Build.0 = Release|Any CPU
	EndGlobalSection
	GlobalSection(SolutionProperties) = preSolution
		HideSolutionNode = FALSE
	EndGlobalSection
	GlobalSection(NestedProjects) = preSolution
		{3F54F2D9-E7DE-48AF-8CCE-DA4C5D81CC5C} = {4D93889D-C265-41D5-A61A-BE4B8DEC2576}
		{6CB6076D-CD36-4639-A512-4EFF031E1B97} = {4D93889D-C265-41D5-A61A-BE4B8DEC2576}
		{4D93889D-C265-41D5-A61A-BE4B8DEC2576} = {2420075E-439E-43E9-B9F7-8AB1894BE9ED}
		{7216BFA0-771F-4B5F-A4D9-10F2F8897CB9} = {2420075E-439E-43E9-B9F7-8AB1894BE9ED}
		{E748D810-7150-4A4A-8707-E8FDC200B9D5} = {7216BFA0-771F-4B5F-A4D9-10F2F8897CB9}
		{04637F9B-A92B-42DF-8740-B639D3CDAF16} = {A9CE3A22-0A82-4E53-ACE7-2EABF269705D}
		{D1578C38-7079-43D0-9280-082E7A5B41D4} = {A9CE3A22-0A82-4E53-ACE7-2EABF269705D}
		{23F969AC-7697-4230-B569-D8C7C28C6538} = {4D93889D-C265-41D5-A61A-BE4B8DEC2576}
		{3307C3CB-0BBB-4089-9498-1195D0CE768E} = {04637F9B-A92B-42DF-8740-B639D3CDAF16}
		{B04804C1-8C53-4E23-9D66-BEB722D61CF3} = {D1578C38-7079-43D0-9280-082E7A5B41D4}
		{E3247C0F-DB6A-48F3-9D15-1642C62AC711} = {727B061B-3F5B-4777-9DC0-FDD9DBA90545}
		{7E6235F0-930E-422F-82FC-9FE76E8366FE} = {7216BFA0-771F-4B5F-A4D9-10F2F8897CB9}
		{A3C9AA05-ADCA-416E-9CE0-A48F754A07AE} = {7216BFA0-771F-4B5F-A4D9-10F2F8897CB9}
	EndGlobalSection
	GlobalSection(ExtensibilityGlobals) = postSolution
		SolutionGuid = {20E92A6D-FACD-4195-944A-1DED602CC9CA}
	EndGlobalSection
EndGlobal
